// !$*UTF8*$!
{
	archiveVersion = 1;
	classes = {
	};
	objectVersion = 77;
	objects = {

/* Begin PBXBuildFile section */
		07EB0A54705277C82CE88BFC /* TerminalContentView.swift in Sources */ = {isa = PBXBuildFile; fileRef = 62AB8043A6FCF95FBC46CB73 /* TerminalContentView.swift */; };
		3F2CBD541D43C5CE44AD6AB2 /* GhosttyAppManager.swift in Sources */ = {isa = PBXBuildFile; fileRef = 2BD461AFD10377122BD5CCE6 /* GhosttyAppManager.swift */; };
		5BD8D23AEA7A50C811650ABC /* PiTerminalApp.swift in Sources */ = {isa = PBXBuildFile; fileRef = 17A11B743265FB47DC72293D /* PiTerminalApp.swift */; };
		86CF27C60F56789E1D2FBF5B /* BunGhosttyBridge.swift in Sources */ = {isa = PBXBuildFile; fileRef = D463AD7936908B9823EE8AEC /* BunGhosttyBridge.swift */; };
		8B6545428EAEE9E719999A56 /* pi-ios-bundle.js in Resources */ = {isa = PBXBuildFile; fileRef = 9FE20B14103132CA13378F27 /* pi-ios-bundle.js */; };
		C2ED850BB28A7C19EE93054A /* TerminalView.swift in Sources */ = {isa = PBXBuildFile; fileRef = E9665DDD8A23413AC8E408C7 /* TerminalView.swift */; };
		C37981B383286059B846E6B4 /* ios-entry.js in Resources */ = {isa = PBXBuildFile; fileRef = B6B67F1606F7B0BE12A7F845 /* ios-entry.js */; };
/* End PBXBuildFile section */

/* Begin PBXFileReference section */
		17A11B743265FB47DC72293D /* PiTerminalApp.swift */ = {isa = PBXFileReference; lastKnownFileType = sourcecode.swift; path = PiTerminalApp.swift; sourceTree = "<group>"; };
		2BD461AFD10377122BD5CCE6 /* GhosttyAppManager.swift */ = {isa = PBXFileReference; lastKnownFileType = sourcecode.swift; path = GhosttyAppManager.swift; sourceTree = "<group>"; };
		4318A58BC4BE716CD58E13ED /* PiTerminal.app */ = {isa = PBXFileReference; includeInIndex = 0; lastKnownFileType = wrapper.application; path = PiTerminal.app; sourceTree = BUILT_PRODUCTS_DIR; };
		62AB8043A6FCF95FBC46CB73 /* TerminalContentView.swift */ = {isa = PBXFileReference; lastKnownFileType = sourcecode.swift; path = TerminalContentView.swift; sourceTree = "<group>"; };
		70D98C253CE94DA2824E676E /* BridgingHeader.h */ = {isa = PBXFileReference; lastKnownFileType = sourcecode.c.h; path = BridgingHeader.h; sourceTree = "<group>"; };
		9FE20B14103132CA13378F27 /* pi-ios-bundle.js */ = {isa = PBXFileReference; lastKnownFileType = sourcecode.javascript; path = "pi-ios-bundle.js"; sourceTree = "<group>"; };
		B0F6254A45ABE263D7DDBC76 /* Info.plist */ = {isa = PBXFileReference; lastKnownFileType = text.plist; path = Info.plist; sourceTree = "<group>"; };
		B6B67F1606F7B0BE12A7F845 /* ios-entry.js */ = {isa = PBXFileReference; lastKnownFileType = sourcecode.javascript; path = "ios-entry.js"; sourceTree = "<group>"; };
		D463AD7936908B9823EE8AEC /* BunGhosttyBridge.swift */ = {isa = PBXFileReference; lastKnownFileType = sourcecode.swift; path = BunGhosttyBridge.swift; sourceTree = "<group>"; };
		E9665DDD8A23413AC8E408C7 /* TerminalView.swift */ = {isa = PBXFileReference; lastKnownFileType = sourcecode.swift; path = TerminalView.swift; sourceTree = "<group>"; };
/* End PBXFileReference section */

/* Begin PBXGroup section */
		2EE2646126C8BE0B4783ED61 /* Resources */ = {
			isa = PBXGroup;
			children = (
				B6B67F1606F7B0BE12A7F845 /* ios-entry.js */,
				9FE20B14103132CA13378F27 /* pi-ios-bundle.js */,
			);
			path = Resources;
			sourceTree = "<group>";
		};
		8C844523B79E6D66B1C228D1 /* Products */ = {
			isa = PBXGroup;
			children = (
				4318A58BC4BE716CD58E13ED /* PiTerminal.app */,
			);
			name = Products;
			sourceTree = "<group>";
		};
		98396FF638145D738F7B7A9E /* PiTerminal */ = {
			isa = PBXGroup;
			children = (
				70D98C253CE94DA2824E676E /* BridgingHeader.h */,
				D463AD7936908B9823EE8AEC /* BunGhosttyBridge.swift */,
				2BD461AFD10377122BD5CCE6 /* GhosttyAppManager.swift */,
				B0F6254A45ABE263D7DDBC76 /* Info.plist */,
				17A11B743265FB47DC72293D /* PiTerminalApp.swift */,
				62AB8043A6FCF95FBC46CB73 /* TerminalContentView.swift */,
				E9665DDD8A23413AC8E408C7 /* TerminalView.swift */,
				2EE2646126C8BE0B4783ED61 /* Resources */,
			);
			path = PiTerminal;
			sourceTree = "<group>";
		};
		9C9CCA9B6A5BD8ED5F706F1C = {
			isa = PBXGroup;
			children = (
				98396FF638145D738F7B7A9E /* PiTerminal */,
				8C844523B79E6D66B1C228D1 /* Products */,
			);
			sourceTree = "<group>";
		};
/* End PBXGroup section */

/* Begin PBXNativeTarget section */
		0D513D0B7A8591E95676F0A5 /* PiTerminal */ = {
			isa = PBXNativeTarget;
			buildConfigurationList = 4D6276DE0556C4644C204FE2 /* Build configuration list for PBXNativeTarget "PiTerminal" */;
			buildPhases = (
				ABE19E942D70C49FEF4D89AF /* Sources */,
				8D253DD4BA4CF8DB59714324 /* Resources */,
			);
			buildRules = (
			);
			dependencies = (
			);
			name = PiTerminal;
			packageProductDependencies = (
			);
			productName = PiTerminal;
			productReference = 4318A58BC4BE716CD58E13ED /* PiTerminal.app */;
			productType = "com.apple.product-type.application";
		};
/* End PBXNativeTarget section */

/* Begin PBXProject section */
		2E59FA8F90C3348ACA5FFEF2 /* Project object */ = {
			isa = PBXProject;
			attributes = {
				BuildIndependentTargetsInParallel = YES;
				LastUpgradeCheck = 2600;
			};
			buildConfigurationList = 73FA504A1B23319468FFEB0D /* Build configuration list for PBXProject "PiTerminal" */;
			compatibilityVersion = "Xcode 14.0";
			developmentRegion = en;
			hasScannedForEncodings = 0;
			knownRegions = (
				Base,
				en,
			);
			mainGroup = 9C9CCA9B6A5BD8ED5F706F1C;
			minimizedProjectReferenceProxies = 1;
			preferredProjectObjectVersion = 77;
			projectDirPath = "";
			projectRoot = "";
			targets = (
				0D513D0B7A8591E95676F0A5 /* PiTerminal */,
			);
		};
/* End PBXProject section */

/* Begin PBXResourcesBuildPhase section */
		8D253DD4BA4CF8DB59714324 /* Resources */ = {
			isa = PBXResourcesBuildPhase;
			buildActionMask = 2147483647;
			files = (
				C37981B383286059B846E6B4 /* ios-entry.js in Resources */,
				8B6545428EAEE9E719999A56 /* pi-ios-bundle.js in Resources */,
			);
			runOnlyForDeploymentPostprocessing = 0;
		};
/* End PBXResourcesBuildPhase section */

/* Begin PBXSourcesBuildPhase section */
		ABE19E942D70C49FEF4D89AF /* Sources */ = {
			isa = PBXSourcesBuildPhase;
			buildActionMask = 2147483647;
			files = (
				86CF27C60F56789E1D2FBF5B /* BunGhosttyBridge.swift in Sources */,
				3F2CBD541D43C5CE44AD6AB2 /* GhosttyAppManager.swift in Sources */,
				5BD8D23AEA7A50C811650ABC /* PiTerminalApp.swift in Sources */,
				07EB0A54705277C82CE88BFC /* TerminalContentView.swift in Sources */,
				C2ED850BB28A7C19EE93054A /* TerminalView.swift in Sources */,
			);
			runOnlyForDeploymentPostprocessing = 0;
		};
/* End PBXSourcesBuildPhase section */

/* Begin XCBuildConfiguration section */
		073C2506EF1DB74B0FDA871B /* Release */ = {
			isa = XCBuildConfiguration;
			buildSettings = {
				ASSETCATALOG_COMPILER_APPICON_NAME = AppIcon;
				CODE_SIGNING_ALLOWED = NO;
				CODE_SIGN_IDENTITY = "-";
				HEADER_SEARCH_PATHS = (
					"$(inherited)",
					"$(PROJECT_DIR)/../vendor/ghostty/GhosttyKit.xcframework/ios-arm64-simulator/Headers",
					"$(PROJECT_DIR)/../vendor/bun/include",
				);
				INFOPLIST_FILE = PiTerminal/Info.plist;
				LD_RUNPATH_SEARCH_PATHS = (
					"$(inherited)",
					"@executable_path/Frameworks",
				);
				LIBRARY_SEARCH_PATHS = (
					"$(inherited)",
					"$(PROJECT_DIR)/../vendor/ghostty/GhosttyKit.xcframework/ios-arm64-simulator",
					"$(PROJECT_DIR)/../vendor/bun/lib",
				);
				OTHER_LDFLAGS = (
					"-lghostty-fat",
					"-lbun",
					"-lJavaScriptCore",
					"-lWTF",
					"-lbmalloc",
					"-lcrypto",
					"-lssl",
					"-ldecrepit",
					"-lbrotlicommon",
					"-lbrotlidec",
					"-lbrotlienc",
					"-lcares",
					"-lhwy",
					"-ldeflate",
					"-llolhtml",
					"-lls-hpack",
					"-lz",
					"-larchive",
					"-lhdr_histogram_static",
					"-lzstd",
					"$(PROJECT_DIR)/../vendor/bun/lib/mimalloc.o",
					"-licucore",
					"-lresolv",
					"-lc++",
					"-lobjc",
					"-framework Metal",
					"-framework CoreText",
					"-framework CoreGraphics",
					"-framework CoreFoundation",
					"-framework Foundation",
					"-framework QuartzCore",
					"-framework IOSurface",
					"-framework CoreVideo",
					"-framework UIKit",
					"-framework Security",
				);
				PRODUCT_BUNDLE_IDENTIFIER = dev.pi.terminal;
				SDKROOT = iphoneos;
				SWIFT_INCLUDE_PATHS = (
					"$(PROJECT_DIR)/../vendor/ghostty/GhosttyKit.xcframework/ios-arm64-simulator/Headers",
				);
				SWIFT_OBJC_BRIDGING_HEADER = PiTerminal/BridgingHeader.h;
				SWIFT_VERSION = 6.0;
				TARGETED_DEVICE_FAMILY = "1,2";
			};
			name = Release;
		};
		0E4BB60D9AF27CEBDA805EA6 /* Release */ = {
			isa = XCBuildConfiguration;
			buildSettings = {
				ALWAYS_SEARCH_USER_PATHS = NO;
				CLANG_ANALYZER_NONNULL = YES;
				CLANG_ANALYZER_NUMBER_OBJECT_CONVERSION = YES_AGGRESSIVE;
				CLANG_CXX_LANGUAGE_STANDARD = "gnu++14";
				CLANG_CXX_LIBRARY = "libc++";
				CLANG_ENABLE_MODULES = YES;
				CLANG_ENABLE_OBJC_ARC = YES;
				CLANG_ENABLE_OBJC_WEAK = YES;
				CLANG_WARN_BLOCK_CAPTURE_AUTORELEASING = YES;
				CLANG_WARN_BOOL_CONVERSION = YES;
				CLANG_WARN_COMMA = YES;
				CLANG_WARN_CONSTANT_CONVERSION = YES;
				CLANG_WARN_DEPRECATED_OBJC_IMPLEMENTATIONS = YES;
				CLANG_WARN_DIRECT_OBJC_ISA_USAGE = YES_ERROR;
				CLANG_WARN_DOCUMENTATION_COMMENTS = YES;
				CLANG_WARN_EMPTY_BODY = YES;
				CLANG_WARN_ENUM_CONVERSION = YES;
				CLANG_WARN_INFINITE_RECURSION = YES;
				CLANG_WARN_INT_CONVERSION = YES;
				CLANG_WARN_NON_LITERAL_NULL_CONVERSION = YES;
				CLANG_WARN_OBJC_IMPLICIT_RETAIN_SELF = YES;
				CLANG_WARN_OBJC_LITERAL_CONVERSION = YES;
				CLANG_WARN_OBJC_ROOT_CLASS = YES_ERROR;
				CLANG_WARN_QUOTED_INCLUDE_IN_FRAMEWORK_HEADER = YES;
				CLANG_WARN_RANGE_LOOP_ANALYSIS = YES;
				CLANG_WARN_STRICT_PROTOTYPES = YES;
				CLANG_WARN_SUSPICIOUS_MOVE = YES;
				CLANG_WARN_UNGUARDED_AVAILABILITY = YES_AGGRESSIVE;
				CLANG_WARN_UNREACHABLE_CODE = YES;
				CLANG_WARN__DUPLICATE_METHOD_MATCH = YES;
				COPY_PHASE_STRIP = NO;
				DEBUG_INFORMATION_FORMAT = "dwarf-with-dsym";
				ENABLE_NS_ASSERTIONS = NO;
				ENABLE_STRICT_OBJC_MSGSEND = YES;
				GCC_C_LANGUAGE_STANDARD = gnu11;
				GCC_NO_COMMON_BLOCKS = YES;
				GCC_WARN_64_TO_32_BIT_CONVERSION = YES;
				GCC_WARN_ABOUT_RETURN_TYPE = YES_ERROR;
				GCC_WARN_UNDECLARED_SELECTOR = YES;
				GCC_WARN_UNINITIALIZED_AUTOS = YES_AGGRESSIVE;
				GCC_WARN_UNUSED_FUNCTION = YES;
				GCC_WARN_UNUSED_VARIABLE = YES;
				IPHONEOS_DEPLOYMENT_TARGET = 17.0;
				MTL_ENABLE_DEBUG_INFO = NO;
				MTL_FAST_MATH = YES;
				PRODUCT_NAME = "$(TARGET_NAME)";
				SDKROOT = iphoneos;
				SWIFT_COMPILATION_MODE = wholemodule;
				SWIFT_OPTIMIZATION_LEVEL = "-O";
				SWIFT_VERSION = 5.0;
			};
			name = Release;
		};
		16DC2CD52F899E047BA0CB84 /* Debug */ = {
			isa = XCBuildConfiguration;
			buildSettings = {
				ASSETCATALOG_COMPILER_APPICON_NAME = AppIcon;
				CODE_SIGNING_ALLOWED = NO;
				CODE_SIGN_IDENTITY = "-";
				HEADER_SEARCH_PATHS = (
					"$(inherited)",
					"$(PROJECT_DIR)/../vendor/ghostty/GhosttyKit.xcframework/ios-arm64-simulator/Headers",
					"$(PROJECT_DIR)/../vendor/bun/include",
				);
				INFOPLIST_FILE = PiTerminal/Info.plist;
				LD_RUNPATH_SEARCH_PATHS = (
					"$(inherited)",
					"@executable_path/Frameworks",
				);
				LIBRARY_SEARCH_PATHS = (
					"$(inherited)",
					"$(PROJECT_DIR)/../vendor/ghostty/GhosttyKit.xcframework/ios-arm64-simulator",
					"$(PROJECT_DIR)/../vendor/bun/lib",
				);
				OTHER_LDFLAGS = (
					"-lghostty-fat",
					"-lbun",
					"-lJavaScriptCore",
					"-lWTF",
					"-lbmalloc",
					"-lcrypto",
					"-lssl",
					"-ldecrepit",
					"-lbrotlicommon",
					"-lbrotlidec",
					"-lbrotlienc",
					"-lcares",
					"-lhwy",
					"-ldeflate",
					"-llolhtml",
					"-lls-hpack",
					"-lz",
					"-larchive",
					"-lhdr_histogram_static",
					"-lzstd",
					"$(PROJECT_DIR)/../vendor/bun/lib/mimalloc.o",
					"-licucore",
					"-lresolv",
					"-lc++",
					"-lobjc",
					"-framework Metal",
					"-framework CoreText",
					"-framework CoreGraphics",
					"-framework CoreFoundation",
					"-framework Foundation",
					"-framework QuartzCore",
					"-framework IOSurface",
					"-framework CoreVideo",
					"-framework UIKit",
					"-framework Security",
				);
				PRODUCT_BUNDLE_IDENTIFIER = dev.pi.terminal;
				SDKROOT = iphoneos;
				SWIFT_INCLUDE_PATHS = (
					"$(PROJECT_DIR)/../vendor/ghostty/GhosttyKit.xcframework/ios-arm64-simulator/Headers",
				);
				SWIFT_OBJC_BRIDGING_HEADER = PiTerminal/BridgingHeader.h;
				SWIFT_VERSION = 6.0;
				TARGETED_DEVICE_FAMILY = "1,2";
			};
			name = Debug;
		};
		172F575F6872FF02404385FE /* Debug */ = {
			isa = XCBuildConfiguration;
			buildSettings = {
				ALWAYS_SEARCH_USER_PATHS = NO;
				CLANG_ANALYZER_NONNULL = YES;
				CLANG_ANALYZER_NUMBER_OBJECT_CONVERSION = YES_AGGRESSIVE;
				CLANG_CXX_LANGUAGE_STANDARD = "gnu++14";
				CLANG_CXX_LIBRARY = "libc++";
				CLANG_ENABLE_MODULES = YES;
				CLANG_ENABLE_OBJC_ARC = YES;
				CLANG_ENABLE_OBJC_WEAK = YES;
				CLANG_WARN_BLOCK_CAPTURE_AUTORELEASING = YES;
				CLANG_WARN_BOOL_CONVERSION = YES;
				CLANG_WARN_COMMA = YES;
				CLANG_WARN_CONSTANT_CONVERSION = YES;
				CLANG_WARN_DEPRECATED_OBJC_IMPLEMENTATIONS = YES;
				CLANG_WARN_DIRECT_OBJC_ISA_USAGE = YES_ERROR;
				CLANG_WARN_DOCUMENTATION_COMMENTS = YES;
				CLANG_WARN_EMPTY_BODY = YES;
				CLANG_WARN_ENUM_CONVERSION = YES;
				CLANG_WARN_INFINITE_RECURSION = YES;
				CLANG_WARN_INT_CONVERSION = YES;
				CLANG_WARN_NON_LITERAL_NULL_CONVERSION = YES;
				CLANG_WARN_OBJC_IMPLICIT_RETAIN_SELF = YES;
				CLANG_WARN_OBJC_LITERAL_CONVERSION = YES;
				CLANG_WARN_OBJC_ROOT_CLASS = YES_ERROR;
				CLANG_WARN_QUOTED_INCLUDE_IN_FRAMEWORK_HEADER = YES;
				CLANG_WARN_RANGE_LOOP_ANALYSIS = YES;
				CLANG_WARN_STRICT_PROTOTYPES = YES;
				CLANG_WARN_SUSPICIOUS_MOVE = YES;
				CLANG_WARN_UNGUARDED_AVAILABILITY = YES_AGGRESSIVE;
				CLANG_WARN_UNREACHABLE_CODE = YES;
				CLANG_WARN__DUPLICATE_METHOD_MATCH = YES;
				COPY_PHASE_STRIP = NO;
				DEBUG_INFORMATION_FORMAT = dwarf;
				ENABLE_STRICT_OBJC_MSGSEND = YES;
				ENABLE_TESTABILITY = YES;
				GCC_C_LANGUAGE_STANDARD = gnu11;
				GCC_DYNAMIC_NO_PIC = NO;
				GCC_NO_COMMON_BLOCKS = YES;
				GCC_OPTIMIZATION_LEVEL = 0;
				GCC_PREPROCESSOR_DEFINITIONS = (
					"$(inherited)",
					"DEBUG=1",
				);
				GCC_WARN_64_TO_32_BIT_CONVERSION = YES;
				GCC_WARN_ABOUT_RETURN_TYPE = YES_ERROR;
				GCC_WARN_UNDECLARED_SELECTOR = YES;
				GCC_WARN_UNINITIALIZED_AUTOS = YES_AGGRESSIVE;
				GCC_WARN_UNUSED_FUNCTION = YES;
				GCC_WARN_UNUSED_VARIABLE = YES;
				IPHONEOS_DEPLOYMENT_TARGET = 17.0;
				MTL_ENABLE_DEBUG_INFO = INCLUDE_SOURCE;
				MTL_FAST_MATH = YES;
				ONLY_ACTIVE_ARCH = YES;
				PRODUCT_NAME = "$(TARGET_NAME)";
				SDKROOT = iphoneos;
				SWIFT_ACTIVE_COMPILATION_CONDITIONS = DEBUG;
				SWIFT_OPTIMIZATION_LEVEL = "-Onone";
				SWIFT_VERSION = 5.0;
			};
			name = Debug;
		};
/* End XCBuildConfiguration section */

/* Begin XCConfigurationList section */
		4D6276DE0556C4644C204FE2 /* Build configuration list for PBXNativeTarget "PiTerminal" */ = {
			isa = XCConfigurationList;
			buildConfigurations = (
				16DC2CD52F899E047BA0CB84 /* Debug */,
				073C2506EF1DB74B0FDA871B /* Release */,
			);
			defaultConfigurationIsVisible = 0;
			defaultConfigurationName = Debug;
		};
		73FA504A1B23319468FFEB0D /* Build configuration list for PBXProject "PiTerminal" */ = {
			isa = XCConfigurationList;
			buildConfigurations = (
				172F575F6872FF02404385FE /* Debug */,
				0E4BB60D9AF27CEBDA805EA6 /* Release */,
			);
			defaultConfigurationIsVisible = 0;
			defaultConfigurationName = Debug;
		};
/* End XCConfigurationList section */
	};
	rootObject = 2E59FA8F90C3348ACA5FFEF2 /* Project object */;
}
